[[package]]
name = "dobot-python-api"
version = "0.1.0"
description = ""
category = "main"
optional = false
python-versions = "^3.9"
develop = false

[package.dependencies]
pyserial = "^3.5"

[package.source]
type = "git"
url = "git@github.com:andy1631/dobot-python-api.git"
reference = "HEAD"
resolved_reference = "0737f5c0f603a6d1aa4fcd7745a5d101b5918ef5"

[[package]]
name = "pyrealsense2"
version = "2.53.1.4623"
description = "Python Wrapper for Intel Realsense SDK 2.0."
category = "main"
optional = false
python-versions = "*"

[[package]]
name = "pyserial"
version = "3.5"
description = "Python Serial Port Extension"
category = "main"
optional = false
python-versions = "*"

[package.extras]
cp2110 = ["hidapi"]

[metadata]
lock-version = "1.1"
python-versions = "^3.10"
content-hash = "b3dfd13e56c7b7210c3a594d6e2535d77df254747018deb1ebf5a7c63aca0305"

[metadata.files]
dobot-python-api = []
pyrealsense2 = [
    {file = "pyrealsense2-2.53.1.4623-cp310-cp310-manylinux1_x86_64.whl", hash = "sha256:f30aaa13460dec96a78a3df7975274cd2f3dcc66b4c8149cae4f3c7da0f9fb8f"},
    {file = "pyrealsense2-2.53.1.4623-cp310-cp310-win_amd64.whl", hash = "sha256:5aa1935d4c9d75e18a043939efc5ce9868842f2ef5e03ae66884f688c78f4073"},
    {file = "pyrealsense2-2.53.1.4623-cp36-cp36m-manylinux1_x86_64.whl", hash = "sha256:e1d4a5525c3f5cf61829d171511c6066e09b4363e54b5b12e6ce9beb332e891c"},
    {file = "pyrealsense2-2.53.1.4623-cp36-cp36m-win_amd64.whl", hash = "sha256:68843010c0de20af56bd482c0134f541ba3b2cf325157191909bb8e22b280a95"},
    {file = "pyrealsense2-2.53.1.4623-cp37-cp37m-manylinux1_x86_64.whl", hash = "sha256:b9820b7d8f92752c6a2206ef665c4d43867c1ecce8e31ff1ff911dc4cf4c591c"},
    {file = "pyrealsense2-2.53.1.4623-cp37-cp37m-win_amd64.whl", hash = "sha256:a2926e5f0c2284de9e1dad17b2ab66ec8e95171ea1a9586b1cd66313963d89c4"},
    {file = "pyrealsense2-2.53.1.4623-cp38-cp38-manylinux1_x86_64.whl", hash = "sha256:7e8682059d55cc5da0d75b7ae6e18755df3d065a4fcc232a037b0dd844fb6745"},
    {file = "pyrealsense2-2.53.1.4623-cp38-cp38-win_amd64.whl", hash = "sha256:cbb9fa23e1df36b2260adfb246170208eddbde886bb0313c5f49b9920f9e6757"},
    {file = "pyrealsense2-2.53.1.4623-cp39-cp39-manylinux1_x86_64.whl", hash = "sha256:a978053bfe9df67c9826922ed3a71073697c6b15cf433779f38e28f8b0a306e2"},
    {file = "pyrealsense2-2.53.1.4623-cp39-cp39-win_amd64.whl", hash = "sha256:edbaed4e023aec0e7d7134146c9d86d2a3be44d3986928fc7a3067af53a2879b"},
]
pyserial = [
    {file = "pyserial-3.5-py2.py3-none-any.whl", hash = "sha256:c4451db6ba391ca6ca299fb3ec7bae67a5c55dde170964c7a14ceefec02f2cf0"},
    {file = "pyserial-3.5.tar.gz", hash = "sha256:3c77e014170dfffbd816e6ffc205e9842efb10be9f58ec16d3e8675b4925cddb"},
]
