# This file is automatically @generated by Poetry and should not be changed by hand.

[[package]]
name = "dobot-python-api"
version = "0.1.0"
description = ""
category = "main"
optional = false
python-versions = "^3.9"
files = []
develop = false

[package.dependencies]
pyserial = "^3.5"

[package.source]
type = "git"
url = "git@github.com:andy1631/dobot-python-api.git"
reference = "HEAD"
resolved_reference = "3fddf73f20de3d1a0ffe68631d48e9094c98e418"

[[package]]
name = "pyserial"
version = "3.5"
description = "Python Serial Port Extension"
category = "main"
optional = false
python-versions = "*"
files = [
    {file = "pyserial-3.5-py2.py3-none-any.whl", hash = "sha256:c4451db6ba391ca6ca299fb3ec7bae67a5c55dde170964c7a14ceefec02f2cf0"},
    {file = "pyserial-3.5.tar.gz", hash = "sha256:3c77e014170dfffbd816e6ffc205e9842efb10be9f58ec16d3e8675b4925cddb"},
]

[package.extras]
cp2110 = ["hidapi"]

[[package]]
name = "pytorch"
version = "1.0.2"
description = ""
category = "main"
optional = false
python-versions = "*"
files = [
    {file = "pytorch-1.0.2.tar.gz", hash = "sha256:a6915d372c085a02eceebf59d16cbcc18a2693ac3487a53e3cc8be31fee65079"},
]

[metadata]
lock-version = "2.0"
python-versions = "^3.10"
content-hash = "8ad0b9b384a32779113aaaf4d5ec238304a8b32e32de794218534e934474212f"
